// !$*UTF8*$!
{
	archiveVersion = 1;
	classes = {
	};
	objectVersion = 46;
	objects = {

/* Begin PBXBuildFile section */
		465F6C731EEB6CE900F93B93 /* main.m in Sources */ = {isa = PBXBuildFile; fileRef = 465F6C721EEB6CE900F93B93 /* main.m */; };
		465F6C761EEB6CE900F93B93 /* AppDelegate.m in Sources */ = {isa = PBXBuildFile; fileRef = 465F6C751EEB6CE900F93B93 /* AppDelegate.m */; };
		465F6C7E1EEB6CE900F93B93 /* Assets.xcassets in Resources */ = {isa = PBXBuildFile; fileRef = 465F6C7D1EEB6CE900F93B93 /* Assets.xcassets */; };
		465F6C811EEB6CE900F93B93 /* LaunchScreen.storyboard in Resources */ = {isa = PBXBuildFile; fileRef = 465F6C7F1EEB6CE900F93B93 /* LaunchScreen.storyboard */; };
		465F6C8E1EEB6E6600F93B93 /* DSCurrentConditionViewController.m in Sources */ = {isa = PBXBuildFile; fileRef = 465F6C8A1EEB6E6600F93B93 /* DSCurrentConditionViewController.m */; };
		465F6C8F1EEB6E6600F93B93 /* DSServerManager.m in Sources */ = {isa = PBXBuildFile; fileRef = 465F6C8C1EEB6E6600F93B93 /* DSServerManager.m */; };
		465F6C971EEB6EF000F93B93 /* DSWeatherModel.m in Sources */ = {isa = PBXBuildFile; fileRef = 465F6C961EEB6EF000F93B93 /* DSWeatherModel.m */; };
		465F6C9A1EEB6FFA00F93B93 /* AFNetworking.framework in Frameworks */ = {isa = PBXBuildFile; fileRef = 465F6C991EEB6FFA00F93B93 /* AFNetworking.framework */; };
		465F6CAC1EEC0E3B00F93B93 /* DSLocationManager.m in Sources */ = {isa = PBXBuildFile; fileRef = 465F6CAB1EEC0E3B00F93B93 /* DSLocationManager.m */; };
		465F6CAF1EEC6CD600F93B93 /* Main.storyboard in Resources */ = {isa = PBXBuildFile; fileRef = 465F6C7A1EEB6CE900F93B93 /* Main.storyboard */; };
		465F6CB61EEC6E4300F93B93 /* DSAdviceAndBackgroundCast.m in Sources */ = {isa = PBXBuildFile; fileRef = 465F6CB51EEC6E4300F93B93 /* DSAdviceAndBackgroundCast.m */; };
		46D311BE1EEF0B98002CCD2C /* DSForecastModel.m in Sources */ = {isa = PBXBuildFile; fileRef = 46D311BD1EEF0B98002CCD2C /* DSForecastModel.m */; };
		46D311C81EEF3668002CCD2C /* blizzard.jpeg in Resources */ = {isa = PBXBuildFile; fileRef = 46D311C01EEF3668002CCD2C /* blizzard.jpeg */; };
		46D311C91EEF3668002CCD2C /* clearSky.jpeg in Resources */ = {isa = PBXBuildFile; fileRef = 46D311C11EEF3668002CCD2C /* clearSky.jpeg */; };
		46D311CA1EEF3668002CCD2C /* cloudy.jpeg in Resources */ = {isa = PBXBuildFile; fileRef = 46D311C21EEF3668002CCD2C /* cloudy.jpeg */; };
		46D311CB1EEF3668002CCD2C /* mainlyCloudy.jpeg in Resources */ = {isa = PBXBuildFile; fileRef = 46D311C31EEF3668002CCD2C /* mainlyCloudy.jpeg */; };
		46D311CC1EEF3668002CCD2C /* rain.jpg in Resources */ = {isa = PBXBuildFile; fileRef = 46D311C41EEF3668002CCD2C /* rain.jpg */; };
		46D311CD1EEF3668002CCD2C /* snow.jpeg in Resources */ = {isa = PBXBuildFile; fileRef = 46D311C51EEF3668002CCD2C /* snow.jpeg */; };
		46D311CE1EEF3668002CCD2C /* storm.jpg in Resources */ = {isa = PBXBuildFile; fileRef = 46D311C61EEF3668002CCD2C /* storm.jpg */; };
		46D311CF1EEF3668002CCD2C /* thunderstorm.jpeg in Resources */ = {isa = PBXBuildFile; fileRef = 46D311C71EEF3668002CCD2C /* thunderstorm.jpeg */; };
		46D311D51EEF454E002CCD2C /* DSWeekForecastController.m in Sources */ = {isa = PBXBuildFile; fileRef = 46D311D41EEF454E002CCD2C /* DSWeekForecastController.m */; };
		46D311DA1EEF45A0002CCD2C /* DSDayWeatherCell.m in Sources */ = {isa = PBXBuildFile; fileRef = 46D311D91EEF45A0002CCD2C /* DSDayWeatherCell.m */; };
		ADED95557891D7B46E0A186A /* Pods_Fast_Forecast.framework in Frameworks */ = {isa = PBXBuildFile; fileRef = 35B6C3A93CA72D5B8B65D7C7 /* Pods_Fast_Forecast.framework */; };
/* End PBXBuildFile section */

/* Begin PBXFileReference section */
		35B6C3A93CA72D5B8B65D7C7 /* Pods_Fast_Forecast.framework */ = {isa = PBXFileReference; explicitFileType = wrapper.framework; includeInIndex = 0; path = Pods_Fast_Forecast.framework; sourceTree = BUILT_PRODUCTS_DIR; };
		465F6C6E1EEB6CE900F93B93 /* Fast Forecast.app */ = {isa = PBXFileReference; explicitFileType = wrapper.application; includeInIndex = 0; path = "Fast Forecast.app"; sourceTree = BUILT_PRODUCTS_DIR; };
		465F6C721EEB6CE900F93B93 /* main.m */ = {isa = PBXFileReference; lastKnownFileType = sourcecode.c.objc; path = main.m; sourceTree = "<group>"; };
		465F6C741EEB6CE900F93B93 /* AppDelegate.h */ = {isa = PBXFileReference; lastKnownFileType = sourcecode.c.h; path = AppDelegate.h; sourceTree = "<group>"; };
		465F6C751EEB6CE900F93B93 /* AppDelegate.m */ = {isa = PBXFileReference; lastKnownFileType = sourcecode.c.objc; path = AppDelegate.m; sourceTree = "<group>"; };
		465F6C7B1EEB6CE900F93B93 /* Base */ = {isa = PBXFileReference; lastKnownFileType = file.storyboard; name = Base; path = Base.lproj/Main.storyboard; sourceTree = "<group>"; };
		465F6C7D1EEB6CE900F93B93 /* Assets.xcassets */ = {isa = PBXFileReference; lastKnownFileType = folder.assetcatalog; path = Assets.xcassets; sourceTree = "<group>"; };
		465F6C801EEB6CE900F93B93 /* Base */ = {isa = PBXFileReference; lastKnownFileType = file.storyboard; name = Base; path = Base.lproj/LaunchScreen.storyboard; sourceTree = "<group>"; };
		465F6C821EEB6CE900F93B93 /* Info.plist */ = {isa = PBXFileReference; lastKnownFileType = text.plist.xml; path = Info.plist; sourceTree = "<group>"; };
		465F6C891EEB6E6600F93B93 /* DSCurrentConditionViewController.h */ = {isa = PBXFileReference; fileEncoding = 4; lastKnownFileType = sourcecode.c.h; name = DSCurrentConditionViewController.h; path = ../../newBlocksTest/newBlocksTest/DSCurrentConditionViewController.h; sourceTree = "<group>"; };
		465F6C8A1EEB6E6600F93B93 /* DSCurrentConditionViewController.m */ = {isa = PBXFileReference; fileEncoding = 4; lastKnownFileType = sourcecode.c.objc; name = DSCurrentConditionViewController.m; path = ../../newBlocksTest/newBlocksTest/DSCurrentConditionViewController.m; sourceTree = "<group>"; };
		465F6C8B1EEB6E6600F93B93 /* DSServerManager.h */ = {isa = PBXFileReference; fileEncoding = 4; lastKnownFileType = sourcecode.c.h; name = DSServerManager.h; path = ../../newBlocksTest/newBlocksTest/DSServerManager.h; sourceTree = "<group>"; };
		465F6C8C1EEB6E6600F93B93 /* DSServerManager.m */ = {isa = PBXFileReference; fileEncoding = 4; lastKnownFileType = sourcecode.c.objc; name = DSServerManager.m; path = ../../newBlocksTest/newBlocksTest/DSServerManager.m; sourceTree = "<group>"; };
		465F6C951EEB6EF000F93B93 /* DSWeatherModel.h */ = {isa = PBXFileReference; fileEncoding = 4; lastKnownFileType = sourcecode.c.h; path = DSWeatherModel.h; sourceTree = "<group>"; };
		465F6C961EEB6EF000F93B93 /* DSWeatherModel.m */ = {isa = PBXFileReference; fileEncoding = 4; lastKnownFileType = sourcecode.c.objc; path = DSWeatherModel.m; sourceTree = "<group>"; };
		465F6C991EEB6FFA00F93B93 /* AFNetworking.framework */ = {isa = PBXFileReference; lastKnownFileType = wrapper.framework; name = AFNetworking.framework; path = "../../../../Library/Developer/Xcode/DerivedData/Fast_Forecast-cguomzryviakfygolcnaturyowzw/Build/Products/Debug-iphonesimulator/AFNetworking/AFNetworking.framework"; sourceTree = "<group>"; };
		465F6CAA1EEC0E3B00F93B93 /* DSLocationManager.h */ = {isa = PBXFileReference; fileEncoding = 4; lastKnownFileType = sourcecode.c.h; path = DSLocationManager.h; sourceTree = "<group>"; };
		465F6CAB1EEC0E3B00F93B93 /* DSLocationManager.m */ = {isa = PBXFileReference; fileEncoding = 4; lastKnownFileType = sourcecode.c.objc; path = DSLocationManager.m; sourceTree = "<group>"; };
		465F6CB41EEC6E4300F93B93 /* DSAdviceAndBackgroundCast.h */ = {isa = PBXFileReference; fileEncoding = 4; lastKnownFileType = sourcecode.c.h; path = DSAdviceAndBackgroundCast.h; sourceTree = "<group>"; };
		465F6CB51EEC6E4300F93B93 /* DSAdviceAndBackgroundCast.m */ = {isa = PBXFileReference; fileEncoding = 4; lastKnownFileType = sourcecode.c.objc; path = DSAdviceAndBackgroundCast.m; sourceTree = "<group>"; };
		46D311BC1EEF0B98002CCD2C /* DSForecastModel.h */ = {isa = PBXFileReference; fileEncoding = 4; lastKnownFileType = sourcecode.c.h; path = DSForecastModel.h; sourceTree = "<group>"; };
		46D311BD1EEF0B98002CCD2C /* DSForecastModel.m */ = {isa = PBXFileReference; fileEncoding = 4; lastKnownFileType = sourcecode.c.objc; path = DSForecastModel.m; sourceTree = "<group>"; };
		46D311C01EEF3668002CCD2C /* blizzard.jpeg */ = {isa = PBXFileReference; lastKnownFileType = image.jpeg; path = blizzard.jpeg; sourceTree = "<group>"; };
		46D311C11EEF3668002CCD2C /* clearSky.jpeg */ = {isa = PBXFileReference; lastKnownFileType = image.jpeg; path = clearSky.jpeg; sourceTree = "<group>"; };
		46D311C21EEF3668002CCD2C /* cloudy.jpeg */ = {isa = PBXFileReference; lastKnownFileType = image.jpeg; path = cloudy.jpeg; sourceTree = "<group>"; };
		46D311C31EEF3668002CCD2C /* mainlyCloudy.jpeg */ = {isa = PBXFileReference; lastKnownFileType = image.jpeg; path = mainlyCloudy.jpeg; sourceTree = "<group>"; };
		46D311C41EEF3668002CCD2C /* rain.jpg */ = {isa = PBXFileReference; lastKnownFileType = image.jpeg; path = rain.jpg; sourceTree = "<group>"; };
		46D311C51EEF3668002CCD2C /* snow.jpeg */ = {isa = PBXFileReference; lastKnownFileType = image.jpeg; path = snow.jpeg; sourceTree = "<group>"; };
		46D311C61EEF3668002CCD2C /* storm.jpg */ = {isa = PBXFileReference; lastKnownFileType = image.jpeg; path = storm.jpg; sourceTree = "<group>"; };
		46D311C71EEF3668002CCD2C /* thunderstorm.jpeg */ = {isa = PBXFileReference; lastKnownFileType = image.jpeg; path = thunderstorm.jpeg; sourceTree = "<group>"; };
		46D311D31EEF454E002CCD2C /* DSWeekForecastController.h */ = {isa = PBXFileReference; fileEncoding = 4; lastKnownFileType = sourcecode.c.h; path = DSWeekForecastController.h; sourceTree = "<group>"; };
		46D311D41EEF454E002CCD2C /* DSWeekForecastController.m */ = {isa = PBXFileReference; fileEncoding = 4; lastKnownFileType = sourcecode.c.objc; path = DSWeekForecastController.m; sourceTree = "<group>"; };
		46D311D81EEF45A0002CCD2C /* DSDayWeatherCell.h */ = {isa = PBXFileReference; fileEncoding = 4; lastKnownFileType = sourcecode.c.h; path = DSDayWeatherCell.h; sourceTree = "<group>"; };
		46D311D91EEF45A0002CCD2C /* DSDayWeatherCell.m */ = {isa = PBXFileReference; fileEncoding = 4; lastKnownFileType = sourcecode.c.objc; path = DSDayWeatherCell.m; sourceTree = "<group>"; };
		5D384726FB5A7D0DDF2B1C59 /* Pods-Fast Forecast.release.xcconfig */ = {isa = PBXFileReference; includeInIndex = 1; lastKnownFileType = text.xcconfig; name = "Pods-Fast Forecast.release.xcconfig"; path = "Pods/Target Support Files/Pods-Fast Forecast/Pods-Fast Forecast.release.xcconfig"; sourceTree = "<group>"; };
		86B80EE5002B4C0DED7E13A5 /* Pods-Fast Forecast.debug.xcconfig */ = {isa = PBXFileReference; includeInIndex = 1; lastKnownFileType = text.xcconfig; name = "Pods-Fast Forecast.debug.xcconfig"; path = "Pods/Target Support Files/Pods-Fast Forecast/Pods-Fast Forecast.debug.xcconfig"; sourceTree = "<group>"; };
/* End PBXFileReference section */

/* Begin PBXFrameworksBuildPhase section */
		465F6C6B1EEB6CE900F93B93 /* Frameworks */ = {
			isa = PBXFrameworksBuildPhase;
			buildActionMask = 2147483647;
			files = (
				465F6C9A1EEB6FFA00F93B93 /* AFNetworking.framework in Frameworks */,
				ADED95557891D7B46E0A186A /* Pods_Fast_Forecast.framework in Frameworks */,
			);
			runOnlyForDeploymentPostprocessing = 0;
		};
/* End PBXFrameworksBuildPhase section */

/* Begin PBXGroup section */
		465F6C651EEB6CE900F93B93 = {
			isa = PBXGroup;
			children = (
				465F6C701EEB6CE900F93B93 /* Fast Forecast */,
				465F6C6F1EEB6CE900F93B93 /* Products */,
				EE559786832B8995AB0E6649 /* Pods */,
				4E26D9B85755408C69057058 /* Frameworks */,
			);
			sourceTree = "<group>";
		};
		465F6C6F1EEB6CE900F93B93 /* Products */ = {
			isa = PBXGroup;
			children = (
				465F6C6E1EEB6CE900F93B93 /* Fast Forecast.app */,
			);
			name = Products;
			sourceTree = "<group>";
		};
		465F6C701EEB6CE900F93B93 /* Fast Forecast */ = {
			isa = PBXGroup;
			children = (
				465F6CB01EEC6DAD00F93B93 /* Managers */,
				465F6C981EEB6EFA00F93B93 /* Models */,
				46D311D61EEF4566002CCD2C /* Controllers */,
				46D311D71EEF4572002CCD2C /* Cells */,
				465F6C7A1EEB6CE900F93B93 /* Main.storyboard */,
				465F6C711EEB6CE900F93B93 /* Supporting Files */,
			);
			path = "Fast Forecast";
			sourceTree = "<group>";
		};
		465F6C711EEB6CE900F93B93 /* Supporting Files */ = {
			isa = PBXGroup;
			children = (
				46D311BF1EEF3668002CCD2C /* weather */,
				465F6C741EEB6CE900F93B93 /* AppDelegate.h */,
				465F6C751EEB6CE900F93B93 /* AppDelegate.m */,
				465F6C7D1EEB6CE900F93B93 /* Assets.xcassets */,
				465F6C7F1EEB6CE900F93B93 /* LaunchScreen.storyboard */,
				465F6C821EEB6CE900F93B93 /* Info.plist */,
				465F6C721EEB6CE900F93B93 /* main.m */,
			);
			name = "Supporting Files";
			sourceTree = "<group>";
		};
		465F6C981EEB6EFA00F93B93 /* Models */ = {
			isa = PBXGroup;
			children = (
				46D311BC1EEF0B98002CCD2C /* DSForecastModel.h */,
				46D311BD1EEF0B98002CCD2C /* DSForecastModel.m */,
				465F6CB41EEC6E4300F93B93 /* DSAdviceAndBackgroundCast.h */,
				465F6CB51EEC6E4300F93B93 /* DSAdviceAndBackgroundCast.m */,
				465F6C951EEB6EF000F93B93 /* DSWeatherModel.h */,
				465F6C961EEB6EF000F93B93 /* DSWeatherModel.m */,
			);
			name = Models;
			sourceTree = "<group>";
		};
		465F6CB01EEC6DAD00F93B93 /* Managers */ = {
			isa = PBXGroup;
			children = (
				465F6CAA1EEC0E3B00F93B93 /* DSLocationManager.h */,
				465F6CAB1EEC0E3B00F93B93 /* DSLocationManager.m */,
				465F6C8B1EEB6E6600F93B93 /* DSServerManager.h */,
				465F6C8C1EEB6E6600F93B93 /* DSServerManager.m */,
			);
			name = Managers;
			sourceTree = "<group>";
		};
		46D311BF1EEF3668002CCD2C /* weather */ = {
			isa = PBXGroup;
			children = (
				46D311C01EEF3668002CCD2C /* blizzard.jpeg */,
				46D311C11EEF3668002CCD2C /* clearSky.jpeg */,
				46D311C21EEF3668002CCD2C /* cloudy.jpeg */,
				46D311C31EEF3668002CCD2C /* mainlyCloudy.jpeg */,
				46D311C41EEF3668002CCD2C /* rain.jpg */,
				46D311C51EEF3668002CCD2C /* snow.jpeg */,
				46D311C61EEF3668002CCD2C /* storm.jpg */,
				46D311C71EEF3668002CCD2C /* thunderstorm.jpeg */,
			);
			path = weather;
			sourceTree = "<group>";
		};
		46D311D61EEF4566002CCD2C /* Controllers */ = {
			isa = PBXGroup;
			children = (
				465F6C891EEB6E6600F93B93 /* DSCurrentConditionViewController.h */,
				465F6C8A1EEB6E6600F93B93 /* DSCurrentConditionViewController.m */,
				46D311D31EEF454E002CCD2C /* DSWeekForecastController.h */,
				46D311D41EEF454E002CCD2C /* DSWeekForecastController.m */,
			);
			name = Controllers;
			sourceTree = "<group>";
		};
		46D311D71EEF4572002CCD2C /* Cells */ = {
			isa = PBXGroup;
			children = (
				46D311D81EEF45A0002CCD2C /* DSDayWeatherCell.h */,
				46D311D91EEF45A0002CCD2C /* DSDayWeatherCell.m */,
			);
			name = Cells;
			sourceTree = "<group>";
		};
		4E26D9B85755408C69057058 /* Frameworks */ = {
			isa = PBXGroup;
			children = (
				465F6C991EEB6FFA00F93B93 /* AFNetworking.framework */,
				35B6C3A93CA72D5B8B65D7C7 /* Pods_Fast_Forecast.framework */,
			);
			name = Frameworks;
			sourceTree = "<group>";
		};
		EE559786832B8995AB0E6649 /* Pods */ = {
			isa = PBXGroup;
			children = (
				86B80EE5002B4C0DED7E13A5 /* Pods-Fast Forecast.debug.xcconfig */,
				5D384726FB5A7D0DDF2B1C59 /* Pods-Fast Forecast.release.xcconfig */,
			);
			name = Pods;
			sourceTree = "<group>";
		};
/* End PBXGroup section */

/* Begin PBXNativeTarget section */
		465F6C6D1EEB6CE900F93B93 /* Fast Forecast */ = {
			isa = PBXNativeTarget;
			buildConfigurationList = 465F6C851EEB6CE900F93B93 /* Build configuration list for PBXNativeTarget "Fast Forecast" */;
			buildPhases = (
				D960D98C8849535DFB140066 /* [CP] Check Pods Manifest.lock */,
				465F6C6A1EEB6CE900F93B93 /* Sources */,
				465F6C6B1EEB6CE900F93B93 /* Frameworks */,
				465F6C6C1EEB6CE900F93B93 /* Resources */,
				7E27DAC90CCFFD4122B5A352 /* [CP] Embed Pods Frameworks */,
				98584E67A5651AE76674DEDF /* [CP] Copy Pods Resources */,
			);
			buildRules = (
			);
			dependencies = (
			);
			name = "Fast Forecast";
			productName = "Fast Forecast";
			productReference = 465F6C6E1EEB6CE900F93B93 /* Fast Forecast.app */;
			productType = "com.apple.product-type.application";
		};
/* End PBXNativeTarget section */

/* Begin PBXProject section */
		465F6C661EEB6CE900F93B93 /* Project object */ = {
			isa = PBXProject;
			attributes = {
				LastUpgradeCheck = 0830;
				ORGANIZATIONNAME = "Dmitry Shadrin";
				TargetAttributes = {
					465F6C6D1EEB6CE900F93B93 = {
						CreatedOnToolsVersion = 8.3.3;
						DevelopmentTeam = SA6ZVW4F57;
						ProvisioningStyle = Automatic;
					};
				};
			};
			buildConfigurationList = 465F6C691EEB6CE900F93B93 /* Build configuration list for PBXProject "Fast Forecast" */;
			compatibilityVersion = "Xcode 3.2";
			developmentRegion = English;
			hasScannedForEncodings = 0;
			knownRegions = (
				en,
				Base,
			);
			mainGroup = 465F6C651EEB6CE900F93B93;
			productRefGroup = 465F6C6F1EEB6CE900F93B93 /* Products */;
			projectDirPath = "";
			projectRoot = "";
			targets = (
				465F6C6D1EEB6CE900F93B93 /* Fast Forecast */,
			);
		};
/* End PBXProject section */

/* Begin PBXResourcesBuildPhase section */
		465F6C6C1EEB6CE900F93B93 /* Resources */ = {
			isa = PBXResourcesBuildPhase;
			buildActionMask = 2147483647;
			files = (
				465F6C811EEB6CE900F93B93 /* LaunchScreen.storyboard in Resources */,
				46D311CE1EEF3668002CCD2C /* storm.jpg in Resources */,
				46D311CD1EEF3668002CCD2C /* snow.jpeg in Resources */,
				46D311CC1EEF3668002CCD2C /* rain.jpg in Resources */,
				46D311CF1EEF3668002CCD2C /* thunderstorm.jpeg in Resources */,
				46D311CB1EEF3668002CCD2C /* mainlyCloudy.jpeg in Resources */,
				465F6C7E1EEB6CE900F93B93 /* Assets.xcassets in Resources */,
				465F6CAF1EEC6CD600F93B93 /* Main.storyboard in Resources */,
				46D311C91EEF3668002CCD2C /* clearSky.jpeg in Resources */,
				46D311C81EEF3668002CCD2C /* blizzard.jpeg in Resources */,
				46D311CA1EEF3668002CCD2C /* cloudy.jpeg in Resources */,
			);
			runOnlyForDeploymentPostprocessing = 0;
		};
/* End PBXResourcesBuildPhase section */

/* Begin PBXShellScriptBuildPhase section */
		7E27DAC90CCFFD4122B5A352 /* [CP] Embed Pods Frameworks */ = {
			isa = PBXShellScriptBuildPhase;
			buildActionMask = 2147483647;
			files = (
			);
			inputPaths = (
			);
			name = "[CP] Embed Pods Frameworks";
			outputPaths = (
			);
			runOnlyForDeploymentPostprocessing = 0;
			shellPath = /bin/sh;
			shellScript = "\"${SRCROOT}/Pods/Target Support Files/Pods-Fast Forecast/Pods-Fast Forecast-frameworks.sh\"\n";
			showEnvVarsInLog = 0;
		};
		98584E67A5651AE76674DEDF /* [CP] Copy Pods Resources */ = {
			isa = PBXShellScriptBuildPhase;
			buildActionMask = 2147483647;
			files = (
			);
			inputPaths = (
			);
			name = "[CP] Copy Pods Resources";
			outputPaths = (
			);
			runOnlyForDeploymentPostprocessing = 0;
			shellPath = /bin/sh;
			shellScript = "\"${SRCROOT}/Pods/Target Support Files/Pods-Fast Forecast/Pods-Fast Forecast-resources.sh\"\n";
			showEnvVarsInLog = 0;
		};
		D960D98C8849535DFB140066 /* [CP] Check Pods Manifest.lock */ = {
			isa = PBXShellScriptBuildPhase;
			buildActionMask = 2147483647;
			files = (
			);
			inputPaths = (
			);
			name = "[CP] Check Pods Manifest.lock";
			outputPaths = (
			);
			runOnlyForDeploymentPostprocessing = 0;
			shellPath = /bin/sh;
			shellScript = "diff \"${PODS_ROOT}/../Podfile.lock\" \"${PODS_ROOT}/Manifest.lock\" > /dev/null\nif [ $? != 0 ] ; then\n    # print error to STDERR\n    echo \"error: The sandbox is not in sync with the Podfile.lock. Run 'pod install' or update your CocoaPods installation.\" >&2\n    exit 1\nfi\n";
			showEnvVarsInLog = 0;
		};
/* End PBXShellScriptBuildPhase section */

/* Begin PBXSourcesBuildPhase section */
		465F6C6A1EEB6CE900F93B93 /* Sources */ = {
			isa = PBXSourcesBuildPhase;
			buildActionMask = 2147483647;
			files = (
				465F6C8E1EEB6E6600F93B93 /* DSCurrentConditionViewController.m in Sources */,
				465F6CB61EEC6E4300F93B93 /* DSAdviceAndBackgroundCast.m in Sources */,
				465F6C971EEB6EF000F93B93 /* DSWeatherModel.m in Sources */,
				46D311BE1EEF0B98002CCD2C /* DSForecastModel.m in Sources */,
				465F6C8F1EEB6E6600F93B93 /* DSServerManager.m in Sources */,
				465F6C761EEB6CE900F93B93 /* AppDelegate.m in Sources */,
				46D311D51EEF454E002CCD2C /* DSWeekForecastController.m in Sources */,
				465F6C731EEB6CE900F93B93 /* main.m in Sources */,
				46D311DA1EEF45A0002CCD2C /* DSDayWeatherCell.m in Sources */,
				465F6CAC1EEC0E3B00F93B93 /* DSLocationManager.m in Sources */,
			);
			runOnlyForDeploymentPostprocessing = 0;
		};
/* End PBXSourcesBuildPhase section */

/* Begin PBXVariantGroup section */
		465F6C7A1EEB6CE900F93B93 /* Main.storyboard */ = {
			isa = PBXVariantGroup;
			children = (
				465F6C7B1EEB6CE900F93B93 /* Base */,
			);
			name = Main.storyboard;
			sourceTree = "<group>";
		};
		465F6C7F1EEB6CE900F93B93 /* LaunchScreen.storyboard */ = {
			isa = PBXVariantGroup;
			children = (
				465F6C801EEB6CE900F93B93 /* Base */,
			);
			name = LaunchScreen.storyboard;
			sourceTree = "<group>";
		};
/* End PBXVariantGroup section */

/* Begin XCBuildConfiguration section */
		465F6C831EEB6CE900F93B93 /* Debug */ = {
			isa = XCBuildConfiguration;
			buildSettings = {
				ALWAYS_SEARCH_USER_PATHS = NO;
				CLANG_ANALYZER_NONNULL = YES;
				CLANG_ANALYZER_NUMBER_OBJECT_CONVERSION = YES_AGGRESSIVE;
				CLANG_CXX_LANGUAGE_STANDARD = "gnu++0x";
				CLANG_CXX_LIBRARY = "libc++";
				CLANG_ENABLE_MODULES = YES;
				CLANG_ENABLE_OBJC_ARC = YES;
				CLANG_WARN_BOOL_CONVERSION = YES;
				CLANG_WARN_CONSTANT_CONVERSION = YES;
				CLANG_WARN_DIRECT_OBJC_ISA_USAGE = YES_ERROR;
				CLANG_WARN_DOCUMENTATION_COMMENTS = YES;
				CLANG_WARN_EMPTY_BODY = YES;
				CLANG_WARN_ENUM_CONVERSION = YES;
				CLANG_WARN_INFINITE_RECURSION = YES;
				CLANG_WARN_INT_CONVERSION = YES;
				CLANG_WARN_OBJC_ROOT_CLASS = YES_ERROR;
				CLANG_WARN_SUSPICIOUS_MOVE = YES;
				CLANG_WARN_UNREACHABLE_CODE = YES;
				CLANG_WARN__DUPLICATE_METHOD_MATCH = YES;
				"CODE_SIGN_IDENTITY[sdk=iphoneos*]" = "iPhone Developer";
				COPY_PHASE_STRIP = NO;
				DEBUG_INFORMATION_FORMAT = dwarf;
				ENABLE_STRICT_OBJC_MSGSEND = YES;
				ENABLE_TESTABILITY = YES;
				GCC_C_LANGUAGE_STANDARD = gnu99;
				GCC_DYNAMIC_NO_PIC = NO;
				GCC_NO_COMMON_BLOCKS = YES;
				GCC_OPTIMIZATION_LEVEL = 0;
				GCC_PREPROCESSOR_DEFINITIONS = (
					"DEBUG=1",
					"$(inherited)",
				);
				GCC_WARN_64_TO_32_BIT_CONVERSION = YES;
				GCC_WARN_ABOUT_RETURN_TYPE = YES_ERROR;
				GCC_WARN_UNDECLARED_SELECTOR = YES;
				GCC_WARN_UNINITIALIZED_AUTOS = YES_AGGRESSIVE;
				GCC_WARN_UNUSED_FUNCTION = YES;
				GCC_WARN_UNUSED_VARIABLE = YES;
				IPHONEOS_DEPLOYMENT_TARGET = 10.3;
				MTL_ENABLE_DEBUG_INFO = YES;
				ONLY_ACTIVE_ARCH = YES;
				SDKROOT = iphoneos;
			};
			name = Debug;
		};
		465F6C841EEB6CE900F93B93 /* Release */ = {
			isa = XCBuildConfiguration;
			buildSettings = {
				ALWAYS_SEARCH_USER_PATHS = NO;
				CLANG_ANALYZER_NONNULL = YES;
				CLANG_ANALYZER_NUMBER_OBJECT_CONVERSION = YES_AGGRESSIVE;
				CLANG_CXX_LANGUAGE_STANDARD = "gnu++0x";
				CLANG_CXX_LIBRARY = "libc++";
				CLANG_ENABLE_MODULES = YES;
				CLANG_ENABLE_OBJC_ARC = YES;
				CLANG_WARN_BOOL_CONVERSION = YES;
				CLANG_WARN_CONSTANT_CONVERSION = YES;
				CLANG_WARN_DIRECT_OBJC_ISA_USAGE = YES_ERROR;
				CLANG_WARN_DOCUMENTATION_COMMENTS = YES;
				CLANG_WARN_EMPTY_BODY = YES;
				CLANG_WARN_ENUM_CONVERSION = YES;
				CLANG_WARN_INFINITE_RECURSION = YES;
				CLANG_WARN_INT_CONVERSION = YES;
				CLANG_WARN_OBJC_ROOT_CLASS = YES_ERROR;
				CLANG_WARN_SUSPICIOUS_MOVE = YES;
				CLANG_WARN_UNREACHABLE_CODE = YES;
				CLANG_WARN__DUPLICATE_METHOD_MATCH = YES;
				"CODE_SIGN_IDENTITY[sdk=iphoneos*]" = "iPhone Developer";
				COPY_PHASE_STRIP = NO;
				DEBUG_INFORMATION_FORMAT = "dwarf-with-dsym";
				ENABLE_NS_ASSERTIONS = NO;
				ENABLE_STRICT_OBJC_MSGSEND = YES;
				GCC_C_LANGUAGE_STANDARD = gnu99;
				GCC_NO_COMMON_BLOCKS = YES;
				GCC_WARN_64_TO_32_BIT_CONVERSION = YES;
				GCC_WARN_ABOUT_RETURN_TYPE = YES_ERROR;
				GCC_WARN_UNDECLARED_SELECTOR = YES;
				GCC_WARN_UNINITIALIZED_AUTOS = YES_AGGRESSIVE;
				GCC_WARN_UNUSED_FUNCTION = YES;
				GCC_WARN_UNUSED_VARIABLE = YES;
				IPHONEOS_DEPLOYMENT_TARGET = 10.3;
				MTL_ENABLE_DEBUG_INFO = NO;
				SDKROOT = iphoneos;
				VALIDATE_PRODUCT = YES;
			};
			name = Release;
		};
		465F6C861EEB6CE900F93B93 /* Debug */ = {
			isa = XCBuildConfiguration;
			baseConfigurationReference = 86B80EE5002B4C0DED7E13A5 /* Pods-Fast Forecast.debug.xcconfig */;
			buildSettings = {
				ASSETCATALOG_COMPILER_APPICON_NAME = AppIcon;
				DEVELOPMENT_TEAM = SA6ZVW4F57;
				INFOPLIST_FILE = "Fast Forecast/Info.plist";
				LD_RUNPATH_SEARCH_PATHS = "$(inherited) @executable_path/Frameworks";
				PRODUCT_BUNDLE_IDENTIFIER = "com.dShadrin.Fast-Forecast";
				PRODUCT_NAME = "$(TARGET_NAME)";
				TARGETED_DEVICE_FAMILY = 1;
			};
			name = Debug;
		};
		465F6C871EEB6CE900F93B93 /* Release */ = {
			isa = XCBuildConfiguration;
			baseConfigurationReference = 5D384726FB5A7D0DDF2B1C59 /* Pods-Fast Forecast.release.xcconfig */;
			buildSettings = {
				ASSETCATALOG_COMPILER_APPICON_NAME = AppIcon;
				DEVELOPMENT_TEAM = SA6ZVW4F57;
				INFOPLIST_FILE = "Fast Forecast/Info.plist";
				LD_RUNPATH_SEARCH_PATHS = "$(inherited) @executable_path/Frameworks";
				PRODUCT_BUNDLE_IDENTIFIER = "com.dShadrin.Fast-Forecast";
				PRODUCT_NAME = "$(TARGET_NAME)";
				TARGETED_DEVICE_FAMILY = 1;
			};
			name = Release;
		};
/* End XCBuildConfiguration section */

/* Begin XCConfigurationList section */
		465F6C691EEB6CE900F93B93 /* Build configuration list for PBXProject "Fast Forecast" */ = {
			isa = XCConfigurationList;
			buildConfigurations = (
				465F6C831EEB6CE900F93B93 /* Debug */,
				465F6C841EEB6CE900F93B93 /* Release */,
			);
			defaultConfigurationIsVisible = 0;
			defaultConfigurationName = Release;
		};
		465F6C851EEB6CE900F93B93 /* Build configuration list for PBXNativeTarget "Fast Forecast" */ = {
			isa = XCConfigurationList;
			buildConfigurations = (
				465F6C861EEB6CE900F93B93 /* Debug */,
				465F6C871EEB6CE900F93B93 /* Release */,
			);
			defaultConfigurationIsVisible = 0;
			defaultConfigurationName = Release;
		};
/* End XCConfigurationList section */
	};
	rootObject = 465F6C661EEB6CE900F93B93 /* Project object */;
}
